{
  "version": 1,
  "dependencies": {
    "net7.0": {
      "System.CommandLine": {
        "type": "Direct",
        "requested": "[2.0.0-beta4.22272.1, )",
        "resolved": "2.0.0-beta4.22272.1",
        "contentHash": "1uqED/q2H0kKoLJ4+hI2iPSBSEdTuhfCYADeJrAqERmiGQ2NNacYKRNEQ+gFbU4glgVyK8rxI+ZOe1onEtr/Pg=="
      },
      "Terminal.Gui": {
        "type": "Direct",
        "requested": "[1.*, )",
        "resolved": "1.8.2",
        "contentHash": "/xdSVuf/BSfsu5ODQZAw5e92GCJWika4P8Wb261ENxJWFgDC3XzpS+HLgJgvH3mdiMTLoC0r7yvLoFUmYM7zpQ==",
        "dependencies": {
          "NStack.Core": "1.0.3"
        }
      },
      "NStack.Core": {
        "type": "Transitive",
        "resolved": "1.0.3",
        "contentHash": "CvduI58J+1dXFbPfPrBBhhfCexllRfZCTNRU4Ml+ZgYjJBPsh+8FlfKhj7XRDy2Pqn0pybofJIPu46gW30rqdA==",
        "dependencies": {
          "System.ValueTuple": "4.5.0"
        }
      },
      "System.ValueTuple": {
        "type": "Transitive",
        "resolved": "4.5.0",
        "contentHash": "okurQJO6NRE/apDIP23ajJ0hpiNmJ+f0BwOlB/cSqTLQlw5upkf+5+96+iG2Jw40G1fCVCyPz/FhIABUjMR+RQ=="
      }
    }
  }
}