{
  "version": 1,
  "dependencies": {
    "net8.0": {
      "System.CommandLine": {
        "type": "Direct",
        "requested": "[2.0.0-beta4.22272.1, )",
        "resolved": "2.0.0-beta4.22272.1",
        "contentHash": "1uqED/q2H0kKoLJ4+hI2iPSBSEdTuhfCYADeJrAqERmiGQ2NNacYKRNEQ+gFbU4glgVyK8rxI+ZOe1onEtr/Pg=="
      },
      "Terminal.Gui": {
        "type": "Direct",
        "requested": "[1.17.1, )",
        "resolved": "1.17.1",
        "contentHash": "jKw0FzRZXFh6SWXQoTM7y098QjIvTNi6JzJyNkIo+IHzRlfOF85a1U9mmOKDoYVFFIV/wKGO5ZvQE2gy6BVA5Q==",
        "dependencies": {
          "NStack.Core": "1.1.1",
          "System.Management": "8.0.0"
        }
      },
      "NStack.Core": {
        "type": "Transitive",
        "resolved": "1.1.1",
        "contentHash": "5LhlYsmAe3A55zl8xCSD7AbuhDqZODpsfdMGgtygeBlHZmlb0tHmK5/PeKODnwYUhC6EbL2qHKGskPNvpY+z3w==",
        "dependencies": {
          "System.ValueTuple": "4.5.0"
        }
      },
      "System.CodeDom": {
        "type": "Transitive",
        "resolved": "8.0.0",
        "contentHash": "WTlRjL6KWIMr/pAaq3rYqh0TJlzpouaQ/W1eelssHgtlwHAH25jXTkUphTYx9HaIIf7XA6qs/0+YhtLEQRkJ+Q=="
      },
      "System.Management": {
        "type": "Transitive",
        "resolved": "8.0.0",
        "contentHash": "jrK22i5LRzxZCfGb+tGmke2VH7oE0DvcDlJ1HAKYU8cPmD8XnpUT0bYn2Gy98GEhGjtfbR/sxKTVb+dE770pfA==",
        "dependencies": {
          "System.CodeDom": "8.0.0"
        }
      },
      "System.ValueTuple": {
        "type": "Transitive",
        "resolved": "4.5.0",
        "contentHash": "okurQJO6NRE/apDIP23ajJ0hpiNmJ+f0BwOlB/cSqTLQlw5upkf+5+96+iG2Jw40G1fCVCyPz/FhIABUjMR+RQ=="
      }
    }
  }
}